
Microsoft Visual Studio Solution File, Format Version 12.00
# Visual Studio Version 16
VisualStudioVersion = 16.0.31729.503
MinimumVisualStudioVersion = 10.0.40219.1
Project("{FAE04EC0-301F-11D3-BF4B-00C04F79EFBC}") = "Variables", "Variables.csproj", "{5ECD68CF-E2F0-4B2A-87CF-33DA43A163FC}"
EndProject
Global
	GlobalSection(SolutionConfigurationPlatforms) = preSolution
		Debug|Any CPU = Debug|Any CPU
		Release|Any CPU = Release|Any CPU
	EndGlobalSection
	GlobalSection(ProjectConfigurationPlatforms) = postSolution
		{5ECD68CF-E2F0-4B2A-87CF-33DA43A163FC}.Debug|Any CPU.ActiveCfg = Debug|Any CPU
		{5ECD68CF-E2F0-4B2A-87CF-33DA43A163FC}.Debug|Any CPU.Build.0 = Debug|Any CPU
		{5ECD68CF-E2F0-4B2A-87CF-33DA43A163FC}.Release|Any CPU.ActiveCfg = Release|Any CPU
		{5ECD68CF-E2F0-4B2A-87CF-33DA43A163FC}.Release|Any CPU.Build.0 = Release|Any CPU
	EndGlobalSection
	GlobalSection(SolutionProperties) = preSolution
		HideSolutionNode = FALSE
	EndGlobalSection
	GlobalSection(ExtensibilityGlobals) = postSolution
		SolutionGuid = {9BF720A1-268E-42E6-8A9D-22A092872432}
	EndGlobalSection
EndGlobal
