
Microsoft Visual Studio Solution File, Format Version 12.00
# Visual Studio Version 16
VisualStudioVersion = 16.0.31729.503
MinimumVisualStudioVersion = 10.0.40219.1
Project("{FAE04EC0-301F-11D3-BF4B-00C04F79EFBC}") = "WorkingWithStrings", "WorkingWithStrings.csproj", "{82AF0CD5-4CF7-48D3-BE8A-3D36E65E437D}"
EndProject
Global
	GlobalSection(SolutionConfigurationPlatforms) = preSolution
		Debug|Any CPU = Debug|Any CPU
		Release|Any CPU = Release|Any CPU
	EndGlobalSection
	GlobalSection(ProjectConfigurationPlatforms) = postSolution
		{82AF0CD5-4CF7-48D3-BE8A-3D36E65E437D}.Debug|Any CPU.ActiveCfg = Debug|Any CPU
		{82AF0CD5-4CF7-48D3-BE8A-3D36E65E437D}.Debug|Any CPU.Build.0 = Debug|Any CPU
		{82AF0CD5-4CF7-48D3-BE8A-3D36E65E437D}.Release|Any CPU.ActiveCfg = Release|Any CPU
		{82AF0CD5-4CF7-48D3-BE8A-3D36E65E437D}.Release|Any CPU.Build.0 = Release|Any CPU
	EndGlobalSection
	GlobalSection(SolutionProperties) = preSolution
		HideSolutionNode = FALSE
	EndGlobalSection
	GlobalSection(ExtensibilityGlobals) = postSolution
		SolutionGuid = {EBD8C2BF-17FD-4E19-A9C7-C588416027A2}
	EndGlobalSection
EndGlobal
